
Microsoft Visual Studio Solution File, Format Version 12.00
Project("{FAE04EC0-301F-11D3-BF4B-00C04F79EFBC}") = "Api", "Api.csproj", "{B135F58C-FA11-4C96-899C-0F990FFFD6BD}"
EndProject
Global
	GlobalSection(SolutionConfigurationPlatforms) = preSolution
		Debug|Any CPU = Debug|Any CPU
		Release|Any CPU = Release|Any CPU
	EndGlobalSection
	GlobalSection(ProjectConfigurationPlatforms) = postSolution
		{B135F58C-FA11-4C96-899C-0F990FFFD6BD}.Debug|Any CPU.ActiveCfg = Debug|Any CPU
		{B135F58C-FA11-4C96-899C-0F990FFFD6BD}.Debug|Any CPU.Build.0 = Debug|Any CPU
		{B135F58C-FA11-4C96-899C-0F990FFFD6BD}.Release|Any CPU.ActiveCfg = Release|Any CPU
		{B135F58C-FA11-4C96-899C-0F990FFFD6BD}.Release|Any CPU.Build.0 = Release|Any CPU
	EndGlobalSection
EndGlobal
